{
  "meteor": {},
  "dependencies": {
    "basePackages": {
      "zurb-foundation": {},
      "iron-router": {
        "git": "https://github.com/EventedMind/iron-router.git",
        "branch": "shark"
      },
      "npm": {},
      "node-csv-npm": {},
      "autocomplete": {},
      "select2": {}
    },
    "packages": {
      "zurb-foundation": {
        "git": "https://github.com/MixinLabs/meteor-foundation.git",
        "tag": "v0.1.10",
        "commit": "545234bc38f7a747a5d69b48f75c5cc77ca8382f"
      },
      "iron-router": {
        "git": "https://github.com/EventedMind/iron-router.git",
        "branch": "shark",
        "commit": "4f55d0acc293abb4a9492229e8d2be0ec0e176c1"
      },
      "npm": {
        "git": "https://github.com/arunoda/meteor-npm.git",
        "tag": "v0.2.6",
        "commit": "177ab6118de5bf8cffb19481343d5762ff7a2aaf"
      },
      "node-csv-npm": {
        "git": "https://github.com/Dsyko/meteor-node-csv.git",
        "tag": "v0.3.6",
        "commit": "01be0e3e834a4f033121cb3fcc92c2697741170d"
      },
      "autocomplete": {
        "git": "https://github.com/mizzao/meteor-autocomplete.git",
        "tag": "v0.1.0",
        "commit": "00a4adbba9811da9040e23531867d9ff03e2f445"
      },
      "select2": {
        "git": "https://github.com/nate-strauser/meteor-select2.git",
        "tag": "v3.4.5",
        "commit": "4a8d05582b949a14f0ee217c185166abbf112822"
      }
    }
  }
}
